hash: 70acb6f2deb9d9bad67df4acf39a4a2e540ee413cc41c00f767fb64355c28087
updated: 2016-06-08T17:33:16.41204882-05:00
imports:
- name: github.com/inconshreveable/mousetrap
  version: 76626ae9c91c4f2a10f34cad8ce83ea42c93bb75
- name: github.com/spf13/cobra
  version: 1238ba19d24b0b9ceee2094e1cb31947d45c3e86
- name: github.com/spf13/pflag
  version: cb88ea77998c3f024757528e3305022ab50b43be
- name: github.com/wearemolecule/kubeclient
  version: 672df70c883136054ecb538e8fa91365d5db4678
  vcs: git
- name: golang.org/x/build
  version: f88094097f6b28803c6767aed1d369c3eba1d548
  subpackages:
  - kubernetes/api
- name: golang.org/x/net
  version: 313cf39d4ac368181bce6960ac9be9e7cee67e68
  subpackages:
  - context
  - context/ctxhttp
- name: gopkg.in/inf.v0
  version: 3887ee99ecf07df5b447e9b00d9c0b2adaa9f3e4
devImports: []
